{
  "name": "panify",
  "version": "1.0.0",
  "lockfileVersion": 1,
  "requires": true,
  "dependencies": {
    "@amm834/luhn": {
      "version": "1.3.1",
      "resolved": "https://registry.npmjs.org/@amm834/luhn/-/luhn-1.3.1.tgz",
      "integrity": "sha512-oGQc2MGASh/JdnHR7YRQranOw0qTvwjfIqvNrz5lMkZKAHEs80FE/FHsiM22rh7VRrjqQ4P3F8x0hB4JuTogEQ=="
    },
    "@types/node": {
      "version": "15.12.2",
      "resolved": "https://registry.npmjs.org/@types/node/-/node-15.12.2.tgz",
      "integrity": "sha512-zjQ69G564OCIWIOHSXyQEEDpdpGl+G348RAKY0XXy9Z5kU9Vzv1GMNnkar/ZJ8dzXB3COzD9Mo9NtRZ4xfgUww=="
    }
  }
}
